// !$*UTF8*$!
{
	archiveVersion = 1;
	classes = {
	};
	objectVersion = 48;
	objects = {

/* Begin PBXBuildFile section */
		A374F8921FB3FCB2009FDF41 /* AppDelegate.m in Sources */ = {isa = PBXBuildFile; fileRef = A374F8911FB3FCB2009FDF41 /* AppDelegate.m */; };
		A374F8951FB3FCB2009FDF41 /* ViewController.m in Sources */ = {isa = PBXBuildFile; fileRef = A374F8941FB3FCB2009FDF41 /* ViewController.m */; };
		A374F8981FB3FCB2009FDF41 /* Main.storyboard in Resources */ = {isa = PBXBuildFile; fileRef = A374F8961FB3FCB2009FDF41 /* Main.storyboard */; };
		A374F89A1FB3FCB2009FDF41 /* Assets.xcassets in Resources */ = {isa = PBXBuildFile; fileRef = A374F8991FB3FCB2009FDF41 /* Assets.xcassets */; };
		A374F89D1FB3FCB2009FDF41 /* LaunchScreen.storyboard in Resources */ = {isa = PBXBuildFile; fileRef = A374F89B1FB3FCB2009FDF41 /* LaunchScreen.storyboard */; };
		A374F8A01FB3FCB2009FDF41 /* main.m in Sources */ = {isa = PBXBuildFile; fileRef = A374F89F1FB3FCB2009FDF41 /* main.m */; };
		A374F8B91FB3FD1C009FDF41 /* CircularBuffer.m in Sources */ = {isa = PBXBuildFile; fileRef = A374F8A91FB3FD1B009FDF41 /* CircularBuffer.m */; };
		A374F8BA1FB3FD1C009FDF41 /* CubicSpline.m in Sources */ = {isa = PBXBuildFile; fileRef = A374F8AB1FB3FD1B009FDF41 /* CubicSpline.m */; };
		A374F8BB1FB3FD1C009FDF41 /* FFTHelper.m in Sources */ = {isa = PBXBuildFile; fileRef = A374F8AC1FB3FD1B009FDF41 /* FFTHelper.m */; };
		A374F8BC1FB3FD1C009FDF41 /* Novocaine.m in Sources */ = {isa = PBXBuildFile; fileRef = A374F8AF1FB3FD1B009FDF41 /* Novocaine.m */; };
		A374F8BD1FB3FD1C009FDF41 /* AudioFileReader.m in Sources */ = {isa = PBXBuildFile; fileRef = A374F8B01FB3FD1B009FDF41 /* AudioFileReader.m */; };
		A374F8BE1FB3FD1C009FDF41 /* DataBufferBlock.m in Sources */ = {isa = PBXBuildFile; fileRef = A374F8B11FB3FD1B009FDF41 /* DataBufferBlock.m */; };
		A374F8BF1FB3FD1C009FDF41 /* BufferedOverlapQueue.m in Sources */ = {isa = PBXBuildFile; fileRef = A374F8B31FB3FD1B009FDF41 /* BufferedOverlapQueue.m */; };
		A374F8C01FB3FD1C009FDF41 /* PeakFinder.m in Sources */ = {isa = PBXBuildFile; fileRef = A374F8B51FB3FD1C009FDF41 /* PeakFinder.m */; };
/* End PBXBuildFile section */

/* Begin PBXFileReference section */
		A374F88D1FB3FCB2009FDF41 /* MS_Project6.app */ = {isa = PBXFileReference; explicitFileType = wrapper.application; includeInIndex = 0; path = MS_Project6.app; sourceTree = BUILT_PRODUCTS_DIR; };
		A374F8901FB3FCB2009FDF41 /* AppDelegate.h */ = {isa = PBXFileReference; lastKnownFileType = sourcecode.c.h; path = AppDelegate.h; sourceTree = "<group>"; };
		A374F8911FB3FCB2009FDF41 /* AppDelegate.m */ = {isa = PBXFileReference; lastKnownFileType = sourcecode.c.objc; path = AppDelegate.m; sourceTree = "<group>"; };
		A374F8931FB3FCB2009FDF41 /* ViewController.h */ = {isa = PBXFileReference; lastKnownFileType = sourcecode.c.h; path = ViewController.h; sourceTree = "<group>"; };
		A374F8941FB3FCB2009FDF41 /* ViewController.m */ = {isa = PBXFileReference; lastKnownFileType = sourcecode.c.objc; path = ViewController.m; sourceTree = "<group>"; };
		A374F8971FB3FCB2009FDF41 /* Base */ = {isa = PBXFileReference; lastKnownFileType = file.storyboard; name = Base; path = Base.lproj/Main.storyboard; sourceTree = "<group>"; };
		A374F8991FB3FCB2009FDF41 /* Assets.xcassets */ = {isa = PBXFileReference; lastKnownFileType = folder.assetcatalog; path = Assets.xcassets; sourceTree = "<group>"; };
		A374F89C1FB3FCB2009FDF41 /* Base */ = {isa = PBXFileReference; lastKnownFileType = file.storyboard; name = Base; path = Base.lproj/LaunchScreen.storyboard; sourceTree = "<group>"; };
		A374F89E1FB3FCB2009FDF41 /* Info.plist */ = {isa = PBXFileReference; lastKnownFileType = text.plist.xml; path = Info.plist; sourceTree = "<group>"; };
		A374F89F1FB3FCB2009FDF41 /* main.m */ = {isa = PBXFileReference; lastKnownFileType = sourcecode.c.objc; path = main.m; sourceTree = "<group>"; };
		A374F8A81FB3FD1B009FDF41 /* DataBufferBlock.h */ = {isa = PBXFileReference; fileEncoding = 4; lastKnownFileType = sourcecode.c.h; path = DataBufferBlock.h; sourceTree = "<group>"; };
		A374F8A91FB3FD1B009FDF41 /* CircularBuffer.m */ = {isa = PBXFileReference; fileEncoding = 4; lastKnownFileType = sourcecode.c.objc; path = CircularBuffer.m; sourceTree = "<group>"; };
		A374F8AA1FB3FD1B009FDF41 /* CircularBuffer.h */ = {isa = PBXFileReference; fileEncoding = 4; lastKnownFileType = sourcecode.c.h; path = CircularBuffer.h; sourceTree = "<group>"; };
		A374F8AB1FB3FD1B009FDF41 /* CubicSpline.m */ = {isa = PBXFileReference; fileEncoding = 4; lastKnownFileType = sourcecode.c.objc; path = CubicSpline.m; sourceTree = "<group>"; };
		A374F8AC1FB3FD1B009FDF41 /* FFTHelper.m */ = {isa = PBXFileReference; fileEncoding = 4; lastKnownFileType = sourcecode.c.objc; path = FFTHelper.m; sourceTree = "<group>"; };
		A374F8AD1FB3FD1B009FDF41 /* CubicSpline.h */ = {isa = PBXFileReference; fileEncoding = 4; lastKnownFileType = sourcecode.c.h; path = CubicSpline.h; sourceTree = "<group>"; };
		A374F8AE1FB3FD1B009FDF41 /* Novocaine.h */ = {isa = PBXFileReference; fileEncoding = 4; lastKnownFileType = sourcecode.c.h; path = Novocaine.h; sourceTree = "<group>"; };
		A374F8AF1FB3FD1B009FDF41 /* Novocaine.m */ = {isa = PBXFileReference; fileEncoding = 4; lastKnownFileType = sourcecode.c.objc; path = Novocaine.m; sourceTree = "<group>"; };
		A374F8B01FB3FD1B009FDF41 /* AudioFileReader.m */ = {isa = PBXFileReference; fileEncoding = 4; lastKnownFileType = sourcecode.c.objc; path = AudioFileReader.m; sourceTree = "<group>"; };
		A374F8B11FB3FD1B009FDF41 /* DataBufferBlock.m */ = {isa = PBXFileReference; fileEncoding = 4; lastKnownFileType = sourcecode.c.objc; path = DataBufferBlock.m; sourceTree = "<group>"; };
		A374F8B21FB3FD1B009FDF41 /* PeakFinder.h */ = {isa = PBXFileReference; fileEncoding = 4; lastKnownFileType = sourcecode.c.h; path = PeakFinder.h; sourceTree = "<group>"; };
		A374F8B31FB3FD1B009FDF41 /* BufferedOverlapQueue.m */ = {isa = PBXFileReference; fileEncoding = 4; lastKnownFileType = sourcecode.c.objc; path = BufferedOverlapQueue.m; sourceTree = "<group>"; };
		A374F8B41FB3FD1C009FDF41 /* BufferedOverlapQueue.h */ = {isa = PBXFileReference; fileEncoding = 4; lastKnownFileType = sourcecode.c.h; path = BufferedOverlapQueue.h; sourceTree = "<group>"; };
		A374F8B51FB3FD1C009FDF41 /* PeakFinder.m */ = {isa = PBXFileReference; fileEncoding = 4; lastKnownFileType = sourcecode.c.objc; path = PeakFinder.m; sourceTree = "<group>"; };
		A374F8B71FB3FD1C009FDF41 /* FFTHelper.h */ = {isa = PBXFileReference; fileEncoding = 4; lastKnownFileType = sourcecode.c.h; path = FFTHelper.h; sourceTree = "<group>"; };
		A374F8B81FB3FD1C009FDF41 /* AudioFileReader.h */ = {isa = PBXFileReference; fileEncoding = 4; lastKnownFileType = sourcecode.c.h; path = AudioFileReader.h; sourceTree = "<group>"; };
/* End PBXFileReference section */

/* Begin PBXFrameworksBuildPhase section */
		A374F88A1FB3FCB2009FDF41 /* Frameworks */ = {
			isa = PBXFrameworksBuildPhase;
			buildActionMask = 2147483647;
			files = (
			);
			runOnlyForDeploymentPostprocessing = 0;
		};
/* End PBXFrameworksBuildPhase section */

/* Begin PBXGroup section */
		A374F8841FB3FCB2009FDF41 = {
			isa = PBXGroup;
			children = (
				A374F8A61FB3FCF8009FDF41 /* AudioDSPUtils */,
				A374F88F1FB3FCB2009FDF41 /* MS_Project6 */,
				A374F88E1FB3FCB2009FDF41 /* Products */,
			);
			sourceTree = "<group>";
		};
		A374F88E1FB3FCB2009FDF41 /* Products */ = {
			isa = PBXGroup;
			children = (
				A374F88D1FB3FCB2009FDF41 /* MS_Project6.app */,
			);
			name = Products;
			sourceTree = "<group>";
		};
		A374F88F1FB3FCB2009FDF41 /* MS_Project6 */ = {
			isa = PBXGroup;
			children = (
				A374F8901FB3FCB2009FDF41 /* AppDelegate.h */,
				A374F8911FB3FCB2009FDF41 /* AppDelegate.m */,
				A374F8931FB3FCB2009FDF41 /* ViewController.h */,
				A374F8941FB3FCB2009FDF41 /* ViewController.m */,
				A374F8961FB3FCB2009FDF41 /* Main.storyboard */,
				A374F8991FB3FCB2009FDF41 /* Assets.xcassets */,
				A374F89B1FB3FCB2009FDF41 /* LaunchScreen.storyboard */,
				A374F89E1FB3FCB2009FDF41 /* Info.plist */,
				A374F89F1FB3FCB2009FDF41 /* main.m */,
			);
			path = MS_Project6;
			sourceTree = "<group>";
		};
		A374F8A61FB3FCF8009FDF41 /* AudioDSPUtils */ = {
			isa = PBXGroup;
			children = (
				A374F8B81FB3FD1C009FDF41 /* AudioFileReader.h */,
				A374F8B01FB3FD1B009FDF41 /* AudioFileReader.m */,
				A374F8B41FB3FD1C009FDF41 /* BufferedOverlapQueue.h */,
				A374F8B31FB3FD1B009FDF41 /* BufferedOverlapQueue.m */,
				A374F8AA1FB3FD1B009FDF41 /* CircularBuffer.h */,
				A374F8A91FB3FD1B009FDF41 /* CircularBuffer.m */,
				A374F8AD1FB3FD1B009FDF41 /* CubicSpline.h */,
				A374F8AB1FB3FD1B009FDF41 /* CubicSpline.m */,
				A374F8A81FB3FD1B009FDF41 /* DataBufferBlock.h */,
				A374F8B11FB3FD1B009FDF41 /* DataBufferBlock.m */,
				A374F8B71FB3FD1C009FDF41 /* FFTHelper.h */,
				A374F8AC1FB3FD1B009FDF41 /* FFTHelper.m */,
				A374F8AE1FB3FD1B009FDF41 /* Novocaine.h */,
				A374F8AF1FB3FD1B009FDF41 /* Novocaine.m */,
				A374F8B21FB3FD1B009FDF41 /* PeakFinder.h */,
				A374F8B51FB3FD1C009FDF41 /* PeakFinder.m */,
			);
			path = AudioDSPUtils;
			sourceTree = "<group>";
		};
/* End PBXGroup section */

/* Begin PBXNativeTarget section */
		A374F88C1FB3FCB2009FDF41 /* MS_Project6 */ = {
			isa = PBXNativeTarget;
			buildConfigurationList = A374F8A31FB3FCB2009FDF41 /* Build configuration list for PBXNativeTarget "MS_Project6" */;
			buildPhases = (
				A374F8891FB3FCB2009FDF41 /* Sources */,
				A374F88A1FB3FCB2009FDF41 /* Frameworks */,
				A374F88B1FB3FCB2009FDF41 /* Resources */,
			);
			buildRules = (
			);
			dependencies = (
			);
			name = MS_Project6;
			productName = MS_Project6;
			productReference = A374F88D1FB3FCB2009FDF41 /* MS_Project6.app */;
			productType = "com.apple.product-type.application";
		};
/* End PBXNativeTarget section */

/* Begin PBXProject section */
		A374F8851FB3FCB2009FDF41 /* Project object */ = {
			isa = PBXProject;
			attributes = {
				LastUpgradeCheck = 0910;
				ORGANIZATIONNAME = "Luke Hansen";
				TargetAttributes = {
					A374F88C1FB3FCB2009FDF41 = {
						CreatedOnToolsVersion = 9.1;
						ProvisioningStyle = Automatic;
					};
				};
			};
			buildConfigurationList = A374F8881FB3FCB2009FDF41 /* Build configuration list for PBXProject "MS_Project6" */;
			compatibilityVersion = "Xcode 8.0";
			developmentRegion = en;
			hasScannedForEncodings = 0;
			knownRegions = (
				en,
				Base,
			);
			mainGroup = A374F8841FB3FCB2009FDF41;
			productRefGroup = A374F88E1FB3FCB2009FDF41 /* Products */;
			projectDirPath = "";
			projectRoot = "";
			targets = (
				A374F88C1FB3FCB2009FDF41 /* MS_Project6 */,
			);
		};
/* End PBXProject section */

/* Begin PBXResourcesBuildPhase section */
		A374F88B1FB3FCB2009FDF41 /* Resources */ = {
			isa = PBXResourcesBuildPhase;
			buildActionMask = 2147483647;
			files = (
				A374F89D1FB3FCB2009FDF41 /* LaunchScreen.storyboard in Resources */,
				A374F89A1FB3FCB2009FDF41 /* Assets.xcassets in Resources */,
				A374F8981FB3FCB2009FDF41 /* Main.storyboard in Resources */,
			);
			runOnlyForDeploymentPostprocessing = 0;
		};
/* End PBXResourcesBuildPhase section */

/* Begin PBXSourcesBuildPhase section */
		A374F8891FB3FCB2009FDF41 /* Sources */ = {
			isa = PBXSourcesBuildPhase;
			buildActionMask = 2147483647;
			files = (
				A374F8BF1FB3FD1C009FDF41 /* BufferedOverlapQueue.m in Sources */,
				A374F8BE1FB3FD1C009FDF41 /* DataBufferBlock.m in Sources */,
				A374F8951FB3FCB2009FDF41 /* ViewController.m in Sources */,
				A374F8BD1FB3FD1C009FDF41 /* AudioFileReader.m in Sources */,
				A374F8C01FB3FD1C009FDF41 /* PeakFinder.m in Sources */,
				A374F8BA1FB3FD1C009FDF41 /* CubicSpline.m in Sources */,
				A374F8BB1FB3FD1C009FDF41 /* FFTHelper.m in Sources */,
				A374F8BC1FB3FD1C009FDF41 /* Novocaine.m in Sources */,
				A374F8A01FB3FCB2009FDF41 /* main.m in Sources */,
				A374F8B91FB3FD1C009FDF41 /* CircularBuffer.m in Sources */,
				A374F8921FB3FCB2009FDF41 /* AppDelegate.m in Sources */,
			);
			runOnlyForDeploymentPostprocessing = 0;
		};
/* End PBXSourcesBuildPhase section */

/* Begin PBXVariantGroup section */
		A374F8961FB3FCB2009FDF41 /* Main.storyboard */ = {
			isa = PBXVariantGroup;
			children = (
				A374F8971FB3FCB2009FDF41 /* Base */,
			);
			name = Main.storyboard;
			sourceTree = "<group>";
		};
		A374F89B1FB3FCB2009FDF41 /* LaunchScreen.storyboard */ = {
			isa = PBXVariantGroup;
			children = (
				A374F89C1FB3FCB2009FDF41 /* Base */,
			);
			name = LaunchScreen.storyboard;
			sourceTree = "<group>";
		};
/* End PBXVariantGroup section */

/* Begin XCBuildConfiguration section */
		A374F8A11FB3FCB2009FDF41 /* Debug */ = {
			isa = XCBuildConfiguration;
			buildSettings = {
				ALWAYS_SEARCH_USER_PATHS = NO;
				CLANG_ANALYZER_NONNULL = YES;
				CLANG_ANALYZER_NUMBER_OBJECT_CONVERSION = YES_AGGRESSIVE;
				CLANG_CXX_LANGUAGE_STANDARD = "gnu++14";
				CLANG_CXX_LIBRARY = "libc++";
				CLANG_ENABLE_MODULES = YES;
				CLANG_ENABLE_OBJC_ARC = YES;
				CLANG_WARN_BLOCK_CAPTURE_AUTORELEASING = YES;
				CLANG_WARN_BOOL_CONVERSION = YES;
				CLANG_WARN_COMMA = YES;
				CLANG_WARN_CONSTANT_CONVERSION = YES;
				CLANG_WARN_DIRECT_OBJC_ISA_USAGE = YES_ERROR;
				CLANG_WARN_DOCUMENTATION_COMMENTS = YES;
				CLANG_WARN_EMPTY_BODY = YES;
				CLANG_WARN_ENUM_CONVERSION = YES;
				CLANG_WARN_INFINITE_RECURSION = YES;
				CLANG_WARN_INT_CONVERSION = YES;
				CLANG_WARN_NON_LITERAL_NULL_CONVERSION = YES;
				CLANG_WARN_OBJC_LITERAL_CONVERSION = YES;
				CLANG_WARN_OBJC_ROOT_CLASS = YES_ERROR;
				CLANG_WARN_RANGE_LOOP_ANALYSIS = YES;
				CLANG_WARN_STRICT_PROTOTYPES = YES;
				CLANG_WARN_SUSPICIOUS_MOVE = YES;
				CLANG_WARN_UNGUARDED_AVAILABILITY = YES_AGGRESSIVE;
				CLANG_WARN_UNREACHABLE_CODE = YES;
				CLANG_WARN__DUPLICATE_METHOD_MATCH = YES;
				CODE_SIGN_IDENTITY = "iPhone Developer";
				COPY_PHASE_STRIP = NO;
				DEBUG_INFORMATION_FORMAT = dwarf;
				ENABLE_STRICT_OBJC_MSGSEND = YES;
				ENABLE_TESTABILITY = YES;
				GCC_C_LANGUAGE_STANDARD = gnu11;
				GCC_DYNAMIC_NO_PIC = NO;
				GCC_NO_COMMON_BLOCKS = YES;
				GCC_OPTIMIZATION_LEVEL = 0;
				GCC_PREPROCESSOR_DEFINITIONS = (
					"DEBUG=1",
					"$(inherited)",
				);
				GCC_WARN_64_TO_32_BIT_CONVERSION = YES;
				GCC_WARN_ABOUT_RETURN_TYPE = YES_ERROR;
				GCC_WARN_UNDECLARED_SELECTOR = YES;
				GCC_WARN_UNINITIALIZED_AUTOS = YES_AGGRESSIVE;
				GCC_WARN_UNUSED_FUNCTION = YES;
				GCC_WARN_UNUSED_VARIABLE = YES;
				IPHONEOS_DEPLOYMENT_TARGET = 11.1;
				MTL_ENABLE_DEBUG_INFO = YES;
				ONLY_ACTIVE_ARCH = YES;
				SDKROOT = iphoneos;
			};
			name = Debug;
		};
		A374F8A21FB3FCB2009FDF41 /* Release */ = {
			isa = XCBuildConfiguration;
			buildSettings = {
				ALWAYS_SEARCH_USER_PATHS = NO;
				CLANG_ANALYZER_NONNULL = YES;
				CLANG_ANALYZER_NUMBER_OBJECT_CONVERSION = YES_AGGRESSIVE;
				CLANG_CXX_LANGUAGE_STANDARD = "gnu++14";
				CLANG_CXX_LIBRARY = "libc++";
				CLANG_ENABLE_MODULES = YES;
				CLANG_ENABLE_OBJC_ARC = YES;
				CLANG_WARN_BLOCK_CAPTURE_AUTORELEASING = YES;
				CLANG_WARN_BOOL_CONVERSION = YES;
				CLANG_WARN_COMMA = YES;
				CLANG_WARN_CONSTANT_CONVERSION = YES;
				CLANG_WARN_DIRECT_OBJC_ISA_USAGE = YES_ERROR;
				CLANG_WARN_DOCUMENTATION_COMMENTS = YES;
				CLANG_WARN_EMPTY_BODY = YES;
				CLANG_WARN_ENUM_CONVERSION = YES;
				CLANG_WARN_INFINITE_RECURSION = YES;
				CLANG_WARN_INT_CONVERSION = YES;
				CLANG_WARN_NON_LITERAL_NULL_CONVERSION = YES;
				CLANG_WARN_OBJC_LITERAL_CONVERSION = YES;
				CLANG_WARN_OBJC_ROOT_CLASS = YES_ERROR;
				CLANG_WARN_RANGE_LOOP_ANALYSIS = YES;
				CLANG_WARN_STRICT_PROTOTYPES = YES;
				CLANG_WARN_SUSPICIOUS_MOVE = YES;
				CLANG_WARN_UNGUARDED_AVAILABILITY = YES_AGGRESSIVE;
				CLANG_WARN_UNREACHABLE_CODE = YES;
				CLANG_WARN__DUPLICATE_METHOD_MATCH = YES;
				CODE_SIGN_IDENTITY = "iPhone Developer";
				COPY_PHASE_STRIP = NO;
				DEBUG_INFORMATION_FORMAT = "dwarf-with-dsym";
				ENABLE_NS_ASSERTIONS = NO;
				ENABLE_STRICT_OBJC_MSGSEND = YES;
				GCC_C_LANGUAGE_STANDARD = gnu11;
				GCC_NO_COMMON_BLOCKS = YES;
				GCC_WARN_64_TO_32_BIT_CONVERSION = YES;
				GCC_WARN_ABOUT_RETURN_TYPE = YES_ERROR;
				GCC_WARN_UNDECLARED_SELECTOR = YES;
				GCC_WARN_UNINITIALIZED_AUTOS = YES_AGGRESSIVE;
				GCC_WARN_UNUSED_FUNCTION = YES;
				GCC_WARN_UNUSED_VARIABLE = YES;
				IPHONEOS_DEPLOYMENT_TARGET = 11.1;
				MTL_ENABLE_DEBUG_INFO = NO;
				SDKROOT = iphoneos;
				VALIDATE_PRODUCT = YES;
			};
			name = Release;
		};
		A374F8A41FB3FCB2009FDF41 /* Debug */ = {
			isa = XCBuildConfiguration;
			buildSettings = {
				ASSETCATALOG_COMPILER_APPICON_NAME = AppIcon;
				CODE_SIGN_STYLE = Automatic;
				DEVELOPMENT_TEAM = F69WJ27LN4;
				INFOPLIST_FILE = MS_Project6/Info.plist;
				LD_RUNPATH_SEARCH_PATHS = "$(inherited) @executable_path/Frameworks";
				PRODUCT_BUNDLE_IDENTIFIER = "edu.smu.lyle.cse5323.lhansen.MS-Project6";
				PRODUCT_NAME = "$(TARGET_NAME)";
				TARGETED_DEVICE_FAMILY = "1,2";
			};
			name = Debug;
		};
		A374F8A51FB3FCB2009FDF41 /* Release */ = {
			isa = XCBuildConfiguration;
			buildSettings = {
				ASSETCATALOG_COMPILER_APPICON_NAME = AppIcon;
				CODE_SIGN_STYLE = Automatic;
				DEVELOPMENT_TEAM = F69WJ27LN4;
				INFOPLIST_FILE = MS_Project6/Info.plist;
				LD_RUNPATH_SEARCH_PATHS = "$(inherited) @executable_path/Frameworks";
				PRODUCT_BUNDLE_IDENTIFIER = "edu.smu.lyle.cse5323.lhansen.MS-Project6";
				PRODUCT_NAME = "$(TARGET_NAME)";
				TARGETED_DEVICE_FAMILY = "1,2";
			};
			name = Release;
		};
/* End XCBuildConfiguration section */

/* Begin XCConfigurationList section */
		A374F8881FB3FCB2009FDF41 /* Build configuration list for PBXProject "MS_Project6" */ = {
			isa = XCConfigurationList;
			buildConfigurations = (
				A374F8A11FB3FCB2009FDF41 /* Debug */,
				A374F8A21FB3FCB2009FDF41 /* Release */,
			);
			defaultConfigurationIsVisible = 0;
			defaultConfigurationName = Release;
		};
		A374F8A31FB3FCB2009FDF41 /* Build configuration list for PBXNativeTarget "MS_Project6" */ = {
			isa = XCConfigurationList;
			buildConfigurations = (
				A374F8A41FB3FCB2009FDF41 /* Debug */,
				A374F8A51FB3FCB2009FDF41 /* Release */,
			);
			defaultConfigurationIsVisible = 0;
			defaultConfigurationName = Release;
		};
/* End XCConfigurationList section */
	};
	rootObject = A374F8851FB3FCB2009FDF41 /* Project object */;
}
